
Microsoft Visual Studio Solution File, Format Version 12.00
# Visual Studio Version 17
VisualStudioVersion = 17.10.35013.160
MinimumVisualStudioVersion = 10.0.40219.1
Project("{2150E333-8FDC-42A3-9474-1A3956D46DE8}") = "src", "src", "{62FC03AC-763E-45DE-9A16-C27064083596}"
EndProject
Project("{FAE04EC0-301F-11D3-BF4B-00C04F79EFBC}") = "Two Sum", "src\Two Sum\Two Sum.csproj", "{47CD6229-D153-42D2-AC49-26E70C5F6400}"
EndProject
Global
	GlobalSection(SolutionConfigurationPlatforms) = preSolution
		Debug|Any CPU = Debug|Any CPU
		Release|Any CPU = Release|Any CPU
	EndGlobalSection
	GlobalSection(ProjectConfigurationPlatforms) = postSolution
		{47CD6229-D153-42D2-AC49-26E70C5F6400}.Debug|Any CPU.ActiveCfg = Debug|Any CPU
		{47CD6229-D153-42D2-AC49-26E70C5F6400}.Debug|Any CPU.Build.0 = Debug|Any CPU
		{47CD6229-D153-42D2-AC49-26E70C5F6400}.Release|Any CPU.ActiveCfg = Release|Any CPU
		{47CD6229-D153-42D2-AC49-26E70C5F6400}.Release|Any CPU.Build.0 = Release|Any CPU
	EndGlobalSection
	GlobalSection(SolutionProperties) = preSolution
		HideSolutionNode = FALSE
	EndGlobalSection
	GlobalSection(NestedProjects) = preSolution
		{47CD6229-D153-42D2-AC49-26E70C5F6400} = {62FC03AC-763E-45DE-9A16-C27064083596}
	EndGlobalSection
	GlobalSection(ExtensibilityGlobals) = postSolution
		SolutionGuid = {224E0A06-0A63-47AC-918B-C56FA17D31D2}
	EndGlobalSection
EndGlobal
