
Microsoft Visual Studio Solution File, Format Version 12.00
# Visual Studio Version 17
VisualStudioVersion = 17.10.35013.160
MinimumVisualStudioVersion = 10.0.40219.1
Project("{FAE04EC0-301F-11D3-BF4B-00C04F79EFBC}") = "EFCore Learnings", "EFCore Learnings.csproj", "{66FC0695-7E58-4AEF-B8D3-4FC27739A4B3}"
EndProject
Global
	GlobalSection(SolutionConfigurationPlatforms) = preSolution
		Debug|Any CPU = Debug|Any CPU
		Release|Any CPU = Release|Any CPU
	EndGlobalSection
	GlobalSection(ProjectConfigurationPlatforms) = postSolution
		{66FC0695-7E58-4AEF-B8D3-4FC27739A4B3}.Debug|Any CPU.ActiveCfg = Debug|Any CPU
		{66FC0695-7E58-4AEF-B8D3-4FC27739A4B3}.Debug|Any CPU.Build.0 = Debug|Any CPU
		{66FC0695-7E58-4AEF-B8D3-4FC27739A4B3}.Release|Any CPU.ActiveCfg = Release|Any CPU
		{66FC0695-7E58-4AEF-B8D3-4FC27739A4B3}.Release|Any CPU.Build.0 = Release|Any CPU
	EndGlobalSection
	GlobalSection(SolutionProperties) = preSolution
		HideSolutionNode = FALSE
	EndGlobalSection
	GlobalSection(ExtensibilityGlobals) = postSolution
		SolutionGuid = {2998BCE3-F84A-4097-A6B9-703674873451}
	EndGlobalSection
EndGlobal
