
Microsoft Visual Studio Solution File, Format Version 12.00
# Visual Studio Version 17
VisualStudioVersion = 17.10.35027.167
MinimumVisualStudioVersion = 10.0.40219.1
Project("{9A19103F-16F7-4668-BE54-9A1E7A4F7556}") = "DevIO.Data", "src\DevIO.Data\DevIO.Data.csproj", "{907CB276-648C-4CF0-8170-38C45CAAA165}"
EndProject
Project("{9A19103F-16F7-4668-BE54-9A1E7A4F7556}") = "DevIO.Business", "src\DevIO.Business\DevIO.Business.csproj", "{86F29DBF-15E6-4583-B05E-532966DA9EC8}"
EndProject
Project("{FAE04EC0-301F-11D3-BF4B-00C04F79EFBC}") = "DevIO.API", "src\DevIO.API\DevIO.API.csproj", "{107D02FD-E19A-4893-8DE2-705B494DA881}"
EndProject
Global
	GlobalSection(SolutionConfigurationPlatforms) = preSolution
		Debug|Any CPU = Debug|Any CPU
		Release|Any CPU = Release|Any CPU
	EndGlobalSection
	GlobalSection(ProjectConfigurationPlatforms) = postSolution
		{907CB276-648C-4CF0-8170-38C45CAAA165}.Debug|Any CPU.ActiveCfg = Debug|Any CPU
		{907CB276-648C-4CF0-8170-38C45CAAA165}.Debug|Any CPU.Build.0 = Debug|Any CPU
		{907CB276-648C-4CF0-8170-38C45CAAA165}.Release|Any CPU.ActiveCfg = Release|Any CPU
		{907CB276-648C-4CF0-8170-38C45CAAA165}.Release|Any CPU.Build.0 = Release|Any CPU
		{86F29DBF-15E6-4583-B05E-532966DA9EC8}.Debug|Any CPU.ActiveCfg = Debug|Any CPU
		{86F29DBF-15E6-4583-B05E-532966DA9EC8}.Debug|Any CPU.Build.0 = Debug|Any CPU
		{86F29DBF-15E6-4583-B05E-532966DA9EC8}.Release|Any CPU.ActiveCfg = Release|Any CPU
		{86F29DBF-15E6-4583-B05E-532966DA9EC8}.Release|Any CPU.Build.0 = Release|Any CPU
		{107D02FD-E19A-4893-8DE2-705B494DA881}.Debug|Any CPU.ActiveCfg = Debug|Any CPU
		{107D02FD-E19A-4893-8DE2-705B494DA881}.Debug|Any CPU.Build.0 = Debug|Any CPU
		{107D02FD-E19A-4893-8DE2-705B494DA881}.Release|Any CPU.ActiveCfg = Release|Any CPU
		{107D02FD-E19A-4893-8DE2-705B494DA881}.Release|Any CPU.Build.0 = Release|Any CPU
	EndGlobalSection
	GlobalSection(SolutionProperties) = preSolution
		HideSolutionNode = FALSE
	EndGlobalSection
	GlobalSection(ExtensibilityGlobals) = postSolution
		SolutionGuid = {5D0C52BD-8A43-4891-B410-58CCF3460D8A}
	EndGlobalSection
EndGlobal
