
Microsoft Visual Studio Solution File, Format Version 12.00
# Visual Studio Version 17
VisualStudioVersion = 17.0.31903.59
MinimumVisualStudioVersion = 10.0.40219.1
Project("{9A19103F-16F7-4668-BE54-9A1E7A4F7556}") = "ProjetoAulas", "ProjetoAulas\ProjetoAulas.csproj", "{5D190123-4C8E-4BE1-A5DD-7B2DEEC5CAE2}"
EndProject
Project("{FAE04EC0-301F-11D3-BF4B-00C04F79EFBC}") = "Classes", "Classes\Classes.csproj", "{D4FA5195-85E9-4037-879D-73E3B1FAEB23}"
EndProject
Project("{FAE04EC0-301F-11D3-BF4B-00C04F79EFBC}") = "AppClientes", "AppClientes\AppClientes.csproj", "{53F957E3-97CA-42DB-8E71-295EA3B4868E}"
EndProject
Global
	GlobalSection(SolutionConfigurationPlatforms) = preSolution
		Debug|Any CPU = Debug|Any CPU
		Release|Any CPU = Release|Any CPU
	EndGlobalSection
	GlobalSection(ProjectConfigurationPlatforms) = postSolution
		{5D190123-4C8E-4BE1-A5DD-7B2DEEC5CAE2}.Debug|Any CPU.ActiveCfg = Debug|Any CPU
		{5D190123-4C8E-4BE1-A5DD-7B2DEEC5CAE2}.Debug|Any CPU.Build.0 = Debug|Any CPU
		{5D190123-4C8E-4BE1-A5DD-7B2DEEC5CAE2}.Release|Any CPU.ActiveCfg = Release|Any CPU
		{5D190123-4C8E-4BE1-A5DD-7B2DEEC5CAE2}.Release|Any CPU.Build.0 = Release|Any CPU
		{D4FA5195-85E9-4037-879D-73E3B1FAEB23}.Debug|Any CPU.ActiveCfg = Debug|Any CPU
		{D4FA5195-85E9-4037-879D-73E3B1FAEB23}.Debug|Any CPU.Build.0 = Debug|Any CPU
		{D4FA5195-85E9-4037-879D-73E3B1FAEB23}.Release|Any CPU.ActiveCfg = Release|Any CPU
		{D4FA5195-85E9-4037-879D-73E3B1FAEB23}.Release|Any CPU.Build.0 = Release|Any CPU
		{53F957E3-97CA-42DB-8E71-295EA3B4868E}.Debug|Any CPU.ActiveCfg = Debug|Any CPU
		{53F957E3-97CA-42DB-8E71-295EA3B4868E}.Debug|Any CPU.Build.0 = Debug|Any CPU
		{53F957E3-97CA-42DB-8E71-295EA3B4868E}.Release|Any CPU.ActiveCfg = Release|Any CPU
		{53F957E3-97CA-42DB-8E71-295EA3B4868E}.Release|Any CPU.Build.0 = Release|Any CPU
	EndGlobalSection
	GlobalSection(SolutionProperties) = preSolution
		HideSolutionNode = FALSE
	EndGlobalSection
	GlobalSection(ExtensibilityGlobals) = postSolution
		SolutionGuid = {4CF31DB1-FDF0-4898-BB18-5DFB93BABEE2}
	EndGlobalSection
EndGlobal
