
Microsoft Visual Studio Solution File, Format Version 12.00
# Visual Studio Version 17
VisualStudioVersion = 17.10.35013.160
MinimumVisualStudioVersion = 10.0.40219.1
Project("{9A19103F-16F7-4668-BE54-9A1E7A4F7556}") = "Financas.Business", "src\Financas.Business\Financas.Business.csproj", "{DFA2FBC4-CF97-43C4-8409-58CF539FC502}"
EndProject
Project("{9A19103F-16F7-4668-BE54-9A1E7A4F7556}") = "Financas.Data", "src\Financas.Data\Financas.Data.csproj", "{2F869DC9-6AD1-420C-A43B-B9E71EEAA691}"
	ProjectSection(ProjectDependencies) = postProject
		{DFA2FBC4-CF97-43C4-8409-58CF539FC502} = {DFA2FBC4-CF97-43C4-8409-58CF539FC502}
	EndProjectSection
EndProject
Project("{9A19103F-16F7-4668-BE54-9A1E7A4F7556}") = "Financas.Console", "src\Financas.Console\Financas.Console.csproj", "{73886152-FA6C-4D81-A6D8-8CECD8F1D6F9}"
EndProject
Global
	GlobalSection(SolutionConfigurationPlatforms) = preSolution
		Debug|Any CPU = Debug|Any CPU
		Release|Any CPU = Release|Any CPU
	EndGlobalSection
	GlobalSection(ProjectConfigurationPlatforms) = postSolution
		{DFA2FBC4-CF97-43C4-8409-58CF539FC502}.Debug|Any CPU.ActiveCfg = Debug|Any CPU
		{DFA2FBC4-CF97-43C4-8409-58CF539FC502}.Debug|Any CPU.Build.0 = Debug|Any CPU
		{DFA2FBC4-CF97-43C4-8409-58CF539FC502}.Release|Any CPU.ActiveCfg = Release|Any CPU
		{DFA2FBC4-CF97-43C4-8409-58CF539FC502}.Release|Any CPU.Build.0 = Release|Any CPU
		{2F869DC9-6AD1-420C-A43B-B9E71EEAA691}.Debug|Any CPU.ActiveCfg = Debug|Any CPU
		{2F869DC9-6AD1-420C-A43B-B9E71EEAA691}.Debug|Any CPU.Build.0 = Debug|Any CPU
		{2F869DC9-6AD1-420C-A43B-B9E71EEAA691}.Release|Any CPU.ActiveCfg = Release|Any CPU
		{2F869DC9-6AD1-420C-A43B-B9E71EEAA691}.Release|Any CPU.Build.0 = Release|Any CPU
		{73886152-FA6C-4D81-A6D8-8CECD8F1D6F9}.Debug|Any CPU.ActiveCfg = Debug|Any CPU
		{73886152-FA6C-4D81-A6D8-8CECD8F1D6F9}.Debug|Any CPU.Build.0 = Debug|Any CPU
		{73886152-FA6C-4D81-A6D8-8CECD8F1D6F9}.Release|Any CPU.ActiveCfg = Release|Any CPU
		{73886152-FA6C-4D81-A6D8-8CECD8F1D6F9}.Release|Any CPU.Build.0 = Release|Any CPU
	EndGlobalSection
	GlobalSection(SolutionProperties) = preSolution
		HideSolutionNode = FALSE
	EndGlobalSection
	GlobalSection(ExtensibilityGlobals) = postSolution
		SolutionGuid = {BE2AAF64-511F-4F8F-AE4A-B15A311D7BF0}
	EndGlobalSection
EndGlobal
