
Microsoft Visual Studio Solution File, Format Version 12.00
# Visual Studio Version 17
VisualStudioVersion = 17.10.35013.160
MinimumVisualStudioVersion = 10.0.40219.1
Project("{FAE04EC0-301F-11D3-BF4B-00C04F79EFBC}") = "FinancasKiss.Business", "src\FinancasKiss.Business\FinancasKiss.Business.csproj", "{86EA0BC2-621C-4CC0-AE80-4FE6E55C3FFD}"
EndProject
Project("{FAE04EC0-301F-11D3-BF4B-00C04F79EFBC}") = "Financas.Application", "src\Financas.Application\Financas.Application\Financas.Application.csproj", "{1387F711-4433-4893-B0DC-080FAE8D39C9}"
EndProject
Project("{FAE04EC0-301F-11D3-BF4B-00C04F79EFBC}") = "Financas.Application.Client", "src\Financas.Application\Financas.Application.Client\Financas.Application.Client.csproj", "{C792751C-A41A-45C4-A08A-73A5D7CB1A87}"
EndProject
Global
	GlobalSection(SolutionConfigurationPlatforms) = preSolution
		Debug|Any CPU = Debug|Any CPU
		Release|Any CPU = Release|Any CPU
	EndGlobalSection
	GlobalSection(ProjectConfigurationPlatforms) = postSolution
		{86EA0BC2-621C-4CC0-AE80-4FE6E55C3FFD}.Debug|Any CPU.ActiveCfg = Debug|Any CPU
		{86EA0BC2-621C-4CC0-AE80-4FE6E55C3FFD}.Debug|Any CPU.Build.0 = Debug|Any CPU
		{86EA0BC2-621C-4CC0-AE80-4FE6E55C3FFD}.Release|Any CPU.ActiveCfg = Release|Any CPU
		{86EA0BC2-621C-4CC0-AE80-4FE6E55C3FFD}.Release|Any CPU.Build.0 = Release|Any CPU
		{1387F711-4433-4893-B0DC-080FAE8D39C9}.Debug|Any CPU.ActiveCfg = Debug|Any CPU
		{1387F711-4433-4893-B0DC-080FAE8D39C9}.Debug|Any CPU.Build.0 = Debug|Any CPU
		{1387F711-4433-4893-B0DC-080FAE8D39C9}.Release|Any CPU.ActiveCfg = Release|Any CPU
		{1387F711-4433-4893-B0DC-080FAE8D39C9}.Release|Any CPU.Build.0 = Release|Any CPU
		{C792751C-A41A-45C4-A08A-73A5D7CB1A87}.Debug|Any CPU.ActiveCfg = Debug|Any CPU
		{C792751C-A41A-45C4-A08A-73A5D7CB1A87}.Debug|Any CPU.Build.0 = Debug|Any CPU
		{C792751C-A41A-45C4-A08A-73A5D7CB1A87}.Release|Any CPU.ActiveCfg = Release|Any CPU
		{C792751C-A41A-45C4-A08A-73A5D7CB1A87}.Release|Any CPU.Build.0 = Release|Any CPU
	EndGlobalSection
	GlobalSection(SolutionProperties) = preSolution
		HideSolutionNode = FALSE
	EndGlobalSection
	GlobalSection(ExtensibilityGlobals) = postSolution
		SolutionGuid = {3AD0CABD-8BE0-483E-8EE0-19D40EBBA09A}
	EndGlobalSection
EndGlobal
